// !$*UTF8*$!
{
	archiveVersion = 1;
	classes = {
	};
	objectVersion = 46;
	objects = {

/* Begin PBXBuildFile section */
		1BE39664205D68D7006F0D76 /* BrewStrengthColor.swift in Sources */ = {isa = PBXBuildFile; fileRef = 1BE39663205D68D7006F0D76 /* BrewStrengthColor.swift */; };
		BC0B331A1F72FCA80043719D /* Theme.swift in Sources */ = {isa = PBXBuildFile; fileRef = BC0B33191F72FCA80043719D /* Theme.swift */; };
		BC57D8641F51DF9A00A4ED41 /* LabelInputView.swift in Sources */ = {isa = PBXBuildFile; fileRef = BC57D8631F51DF9A00A4ED41 /* LabelInputView.swift */; };
		BC57D88B1F52042A00A4ED41 /* Tofino-Black.otf in Resources */ = {isa = PBXBuildFile; fileRef = BC57D87B1F5203F600A4ED41 /* Tofino-Black.otf */; };
		BC57D88C1F52042A00A4ED41 /* Tofino-BlackItalic.otf in Resources */ = {isa = PBXBuildFile; fileRef = BC57D87E1F5203F600A4ED41 /* Tofino-BlackItalic.otf */; };
		BC57D88D1F52042A00A4ED41 /* Tofino-Bold.otf in Resources */ = {isa = PBXBuildFile; fileRef = BC57D8801F5203F600A4ED41 /* Tofino-Bold.otf */; };
		BC57D88E1F52042A00A4ED41 /* Tofino-BoldItalic.otf in Resources */ = {isa = PBXBuildFile; fileRef = BC57D8881F5203F700A4ED41 /* Tofino-BoldItalic.otf */; };
		BC57D88F1F52042A00A4ED41 /* Tofino-Book.otf in Resources */ = {isa = PBXBuildFile; fileRef = BC57D8891F5203F700A4ED41 /* Tofino-Book.otf */; };
		BC57D8901F52042A00A4ED41 /* Tofino-BookItalic.otf in Resources */ = {isa = PBXBuildFile; fileRef = BC57D87A1F5203F600A4ED41 /* Tofino-BookItalic.otf */; };
		BC57D8911F52042A00A4ED41 /* Tofino-Light.otf in Resources */ = {isa = PBXBuildFile; fileRef = BC57D8811F5203F600A4ED41 /* Tofino-Light.otf */; };
		BC57D8921F52042A00A4ED41 /* Tofino-LightItalic.otf in Resources */ = {isa = PBXBuildFile; fileRef = BC57D8851F5203F600A4ED41 /* Tofino-LightItalic.otf */; };
		BC57D8931F52042A00A4ED41 /* Tofino-Medium.otf in Resources */ = {isa = PBXBuildFile; fileRef = BC57D8831F5203F600A4ED41 /* Tofino-Medium.otf */; };
		BC57D8941F52042A00A4ED41 /* Tofino-MediumItalic.otf in Resources */ = {isa = PBXBuildFile; fileRef = BC57D87D1F5203F600A4ED41 /* Tofino-MediumItalic.otf */; };
		BC57D8951F52042A00A4ED41 /* Tofino-Regular.otf in Resources */ = {isa = PBXBuildFile; fileRef = BC57D8871F5203F700A4ED41 /* Tofino-Regular.otf */; };
		BC57D8961F52042A00A4ED41 /* Tofino-RegularItalic.otf in Resources */ = {isa = PBXBuildFile; fileRef = BC57D8821F5203F600A4ED41 /* Tofino-RegularItalic.otf */; };
		BC57D8971F52042A00A4ED41 /* Tofino-Thin.otf in Resources */ = {isa = PBXBuildFile; fileRef = BC57D88A1F5203F700A4ED41 /* Tofino-Thin.otf */; };
		BC57D8981F52042A00A4ED41 /* Tofino-ThinItalic.otf in Resources */ = {isa = PBXBuildFile; fileRef = BC57D87C1F5203F600A4ED41 /* Tofino-ThinItalic.otf */; };
		BC57D8991F52042A00A4ED41 /* Tofino-Ultra.otf in Resources */ = {isa = PBXBuildFile; fileRef = BC57D8841F5203F600A4ED41 /* Tofino-Ultra.otf */; };
		BC57D89A1F52042A00A4ED41 /* Tofino-UltraItalic.otf in Resources */ = {isa = PBXBuildFile; fileRef = BC57D87F1F5203F600A4ED41 /* Tofino-UltraItalic.otf */; };
		BC57D89D1F522F9E00A4ED41 /* KeyboardViewController.swift in Sources */ = {isa = PBXBuildFile; fileRef = BC57D89C1F522F9E00A4ED41 /* KeyboardViewController.swift */; };
		BC57D89F1F5242BB00A4ED41 /* PersistenceStore.swift in Sources */ = {isa = PBXBuildFile; fileRef = BC57D89E1F5242BB00A4ED41 /* PersistenceStore.swift */; };
		BC6739E41E23BDEC005399BF /* AppDelegate.swift in Sources */ = {isa = PBXBuildFile; fileRef = BC6739E31E23BDEC005399BF /* AppDelegate.swift */; };
		BC6739E61E23BDEC005399BF /* CalculatorViewController.swift in Sources */ = {isa = PBXBuildFile; fileRef = BC6739E51E23BDEC005399BF /* CalculatorViewController.swift */; };
		BC6739EB1E23BDEC005399BF /* Assets.xcassets in Resources */ = {isa = PBXBuildFile; fileRef = BC6739EA1E23BDEC005399BF /* Assets.xcassets */; };
		BC6739EE1E23BDEC005399BF /* LaunchScreen.storyboard in Resources */ = {isa = PBXBuildFile; fileRef = BC6739EC1E23BDEC005399BF /* LaunchScreen.storyboard */; };
		BC8A674F1F519E8400A7E627 /* Calculator.swift in Sources */ = {isa = PBXBuildFile; fileRef = BC8A674E1F519E8400A7E627 /* Calculator.swift */; };
		BC98F3891F5B179500F6E1D4 /* KeyboardButton.swift in Sources */ = {isa = PBXBuildFile; fileRef = BC98F3881F5B179500F6E1D4 /* KeyboardButton.swift */; };
		BC98F38B1F5C7BA900F6E1D4 /* InputTextField.swift in Sources */ = {isa = PBXBuildFile; fileRef = BC98F38A1F5C7BA900F6E1D4 /* InputTextField.swift */; };
		BC98F38D1F5C7BD800F6E1D4 /* KeyboardSection.swift in Sources */ = {isa = PBXBuildFile; fileRef = BC98F38C1F5C7BD800F6E1D4 /* KeyboardSection.swift */; };
		BC98F3901F5CA37F00F6E1D4 /* SettingsViewController.swift in Sources */ = {isa = PBXBuildFile; fileRef = BC98F38F1F5CA37F00F6E1D4 /* SettingsViewController.swift */; };
		BC98F3921F6417BC00F6E1D4 /* NavigationController.swift in Sources */ = {isa = PBXBuildFile; fileRef = BC98F3911F6417BC00F6E1D4 /* NavigationController.swift */; };
		BC98F3941F642A6E00F6E1D4 /* TransitionAnimator.swift in Sources */ = {isa = PBXBuildFile; fileRef = BC98F3931F642A6E00F6E1D4 /* TransitionAnimator.swift */; };
		BCEBCDAF1F6D8BDF00805050 /* Fonts.swift in Sources */ = {isa = PBXBuildFile; fileRef = BCEBCDAE1F6D8BDF00805050 /* Fonts.swift */; };
		BCEBCDB11F6D8C1D00805050 /* Assets.swift in Sources */ = {isa = PBXBuildFile; fileRef = BCEBCDB01F6D8C1D00805050 /* Assets.swift */; };
		BCEBCDB31F6DA89600805050 /* AppInfo.swift in Sources */ = {isa = PBXBuildFile; fileRef = BCEBCDB21F6DA89600805050 /* AppInfo.swift */; };
		BCEBCDB51F6DB3DE00805050 /* RoundedButton.swift in Sources */ = {isa = PBXBuildFile; fileRef = BCEBCDB41F6DB3DE00805050 /* RoundedButton.swift */; };
/* End PBXBuildFile section */

/* Begin PBXFileReference section */
		1BE39663205D68D7006F0D76 /* BrewStrengthColor.swift */ = {isa = PBXFileReference; lastKnownFileType = sourcecode.swift; path = BrewStrengthColor.swift; sourceTree = "<group>"; };
		BC0B33191F72FCA80043719D /* Theme.swift */ = {isa = PBXFileReference; lastKnownFileType = sourcecode.swift; path = Theme.swift; sourceTree = "<group>"; };
		BC57D8631F51DF9A00A4ED41 /* LabelInputView.swift */ = {isa = PBXFileReference; lastKnownFileType = sourcecode.swift; path = LabelInputView.swift; sourceTree = "<group>"; };
		BC57D87A1F5203F600A4ED41 /* Tofino-BookItalic.otf */ = {isa = PBXFileReference; lastKnownFileType = file; path = "Tofino-BookItalic.otf"; sourceTree = "<group>"; };
		BC57D87B1F5203F600A4ED41 /* Tofino-Black.otf */ = {isa = PBXFileReference; lastKnownFileType = file; path = "Tofino-Black.otf"; sourceTree = "<group>"; };
		BC57D87C1F5203F600A4ED41 /* Tofino-ThinItalic.otf */ = {isa = PBXFileReference; lastKnownFileType = file; path = "Tofino-ThinItalic.otf"; sourceTree = "<group>"; };
		BC57D87D1F5203F600A4ED41 /* Tofino-MediumItalic.otf */ = {isa = PBXFileReference; lastKnownFileType = file; path = "Tofino-MediumItalic.otf"; sourceTree = "<group>"; };
		BC57D87E1F5203F600A4ED41 /* Tofino-BlackItalic.otf */ = {isa = PBXFileReference; lastKnownFileType = file; path = "Tofino-BlackItalic.otf"; sourceTree = "<group>"; };
		BC57D87F1F5203F600A4ED41 /* Tofino-UltraItalic.otf */ = {isa = PBXFileReference; lastKnownFileType = file; path = "Tofino-UltraItalic.otf"; sourceTree = "<group>"; };
		BC57D8801F5203F600A4ED41 /* Tofino-Bold.otf */ = {isa = PBXFileReference; lastKnownFileType = file; path = "Tofino-Bold.otf"; sourceTree = "<group>"; };
		BC57D8811F5203F600A4ED41 /* Tofino-Light.otf */ = {isa = PBXFileReference; lastKnownFileType = file; path = "Tofino-Light.otf"; sourceTree = "<group>"; };
		BC57D8821F5203F600A4ED41 /* Tofino-RegularItalic.otf */ = {isa = PBXFileReference; lastKnownFileType = file; path = "Tofino-RegularItalic.otf"; sourceTree = "<group>"; };
		BC57D8831F5203F600A4ED41 /* Tofino-Medium.otf */ = {isa = PBXFileReference; lastKnownFileType = file; path = "Tofino-Medium.otf"; sourceTree = "<group>"; };
		BC57D8841F5203F600A4ED41 /* Tofino-Ultra.otf */ = {isa = PBXFileReference; lastKnownFileType = file; path = "Tofino-Ultra.otf"; sourceTree = "<group>"; };
		BC57D8851F5203F600A4ED41 /* Tofino-LightItalic.otf */ = {isa = PBXFileReference; lastKnownFileType = file; path = "Tofino-LightItalic.otf"; sourceTree = "<group>"; };
		BC57D8861F5203F600A4ED41 /* Tofino_Personal_License.pdf */ = {isa = PBXFileReference; lastKnownFileType = image.pdf; path = Tofino_Personal_License.pdf; sourceTree = "<group>"; };
		BC57D8871F5203F700A4ED41 /* Tofino-Regular.otf */ = {isa = PBXFileReference; lastKnownFileType = file; path = "Tofino-Regular.otf"; sourceTree = "<group>"; };
		BC57D8881F5203F700A4ED41 /* Tofino-BoldItalic.otf */ = {isa = PBXFileReference; lastKnownFileType = file; path = "Tofino-BoldItalic.otf"; sourceTree = "<group>"; };
		BC57D8891F5203F700A4ED41 /* Tofino-Book.otf */ = {isa = PBXFileReference; lastKnownFileType = file; path = "Tofino-Book.otf"; sourceTree = "<group>"; };
		BC57D88A1F5203F700A4ED41 /* Tofino-Thin.otf */ = {isa = PBXFileReference; lastKnownFileType = file; path = "Tofino-Thin.otf"; sourceTree = "<group>"; };
		BC57D89C1F522F9E00A4ED41 /* KeyboardViewController.swift */ = {isa = PBXFileReference; lastKnownFileType = sourcecode.swift; path = KeyboardViewController.swift; sourceTree = "<group>"; };
		BC57D89E1F5242BB00A4ED41 /* PersistenceStore.swift */ = {isa = PBXFileReference; lastKnownFileType = sourcecode.swift; path = PersistenceStore.swift; sourceTree = "<group>"; };
		BC6739E01E23BDEC005399BF /* Ratios.app */ = {isa = PBXFileReference; explicitFileType = wrapper.application; includeInIndex = 0; path = Ratios.app; sourceTree = BUILT_PRODUCTS_DIR; };
		BC6739E31E23BDEC005399BF /* AppDelegate.swift */ = {isa = PBXFileReference; lastKnownFileType = sourcecode.swift; path = AppDelegate.swift; sourceTree = "<group>"; };
		BC6739E51E23BDEC005399BF /* CalculatorViewController.swift */ = {isa = PBXFileReference; lastKnownFileType = sourcecode.swift; path = CalculatorViewController.swift; sourceTree = "<group>"; };
		BC6739EA1E23BDEC005399BF /* Assets.xcassets */ = {isa = PBXFileReference; lastKnownFileType = folder.assetcatalog; path = Assets.xcassets; sourceTree = "<group>"; };
		BC6739ED1E23BDEC005399BF /* Base */ = {isa = PBXFileReference; lastKnownFileType = file.storyboard; name = Base; path = Base.lproj/LaunchScreen.storyboard; sourceTree = "<group>"; };
		BC6739EF1E23BDEC005399BF /* Info.plist */ = {isa = PBXFileReference; lastKnownFileType = text.plist.xml; path = Info.plist; sourceTree = "<group>"; };
		BC8A674E1F519E8400A7E627 /* Calculator.swift */ = {isa = PBXFileReference; fileEncoding = 4; lastKnownFileType = sourcecode.swift; path = Calculator.swift; sourceTree = "<group>"; };
		BC98F3881F5B179500F6E1D4 /* KeyboardButton.swift */ = {isa = PBXFileReference; lastKnownFileType = sourcecode.swift; path = KeyboardButton.swift; sourceTree = "<group>"; };
		BC98F38A1F5C7BA900F6E1D4 /* InputTextField.swift */ = {isa = PBXFileReference; lastKnownFileType = sourcecode.swift; path = InputTextField.swift; sourceTree = "<group>"; };
		BC98F38C1F5C7BD800F6E1D4 /* KeyboardSection.swift */ = {isa = PBXFileReference; lastKnownFileType = sourcecode.swift; path = KeyboardSection.swift; sourceTree = "<group>"; };
		BC98F38F1F5CA37F00F6E1D4 /* SettingsViewController.swift */ = {isa = PBXFileReference; lastKnownFileType = sourcecode.swift; path = SettingsViewController.swift; sourceTree = "<group>"; };
		BC98F3911F6417BC00F6E1D4 /* NavigationController.swift */ = {isa = PBXFileReference; lastKnownFileType = sourcecode.swift; path = NavigationController.swift; sourceTree = "<group>"; };
		BC98F3931F642A6E00F6E1D4 /* TransitionAnimator.swift */ = {isa = PBXFileReference; lastKnownFileType = sourcecode.swift; path = TransitionAnimator.swift; sourceTree = "<group>"; };
		BCEBCDAE1F6D8BDF00805050 /* Fonts.swift */ = {isa = PBXFileReference; lastKnownFileType = sourcecode.swift; path = Fonts.swift; sourceTree = "<group>"; };
		BCEBCDB01F6D8C1D00805050 /* Assets.swift */ = {isa = PBXFileReference; lastKnownFileType = sourcecode.swift; path = Assets.swift; sourceTree = "<group>"; };
		BCEBCDB21F6DA89600805050 /* AppInfo.swift */ = {isa = PBXFileReference; lastKnownFileType = sourcecode.swift; path = AppInfo.swift; sourceTree = "<group>"; };
		BCEBCDB41F6DB3DE00805050 /* RoundedButton.swift */ = {isa = PBXFileReference; lastKnownFileType = sourcecode.swift; path = RoundedButton.swift; sourceTree = "<group>"; };
/* End PBXFileReference section */

/* Begin PBXFrameworksBuildPhase section */
		BC6739DD1E23BDEC005399BF /* Frameworks */ = {
			isa = PBXFrameworksBuildPhase;
			buildActionMask = 2147483647;
			files = (
			);
			runOnlyForDeploymentPostprocessing = 0;
		};
/* End PBXFrameworksBuildPhase section */

/* Begin PBXGroup section */
		BC57D8671F5203C500A4ED41 /* Fonts */ = {
			isa = PBXGroup;
			children = (
				BC57D8681F5203CC00A4ED41 /* Tofino */,
			);
			path = Fonts;
			sourceTree = "<group>";
		};
		BC57D8681F5203CC00A4ED41 /* Tofino */ = {
			isa = PBXGroup;
			children = (
				BC57D8861F5203F600A4ED41 /* Tofino_Personal_License.pdf */,
				BC57D87B1F5203F600A4ED41 /* Tofino-Black.otf */,
				BC57D87E1F5203F600A4ED41 /* Tofino-BlackItalic.otf */,
				BC57D8801F5203F600A4ED41 /* Tofino-Bold.otf */,
				BC57D8881F5203F700A4ED41 /* Tofino-BoldItalic.otf */,
				BC57D8891F5203F700A4ED41 /* Tofino-Book.otf */,
				BC57D87A1F5203F600A4ED41 /* Tofino-BookItalic.otf */,
				BC57D8811F5203F600A4ED41 /* Tofino-Light.otf */,
				BC57D8851F5203F600A4ED41 /* Tofino-LightItalic.otf */,
				BC57D8831F5203F600A4ED41 /* Tofino-Medium.otf */,
				BC57D87D1F5203F600A4ED41 /* Tofino-MediumItalic.otf */,
				BC57D8871F5203F700A4ED41 /* Tofino-Regular.otf */,
				BC57D8821F5203F600A4ED41 /* Tofino-RegularItalic.otf */,
				BC57D88A1F5203F700A4ED41 /* Tofino-Thin.otf */,
				BC57D87C1F5203F600A4ED41 /* Tofino-ThinItalic.otf */,
				BC57D8841F5203F600A4ED41 /* Tofino-Ultra.otf */,
				BC57D87F1F5203F600A4ED41 /* Tofino-UltraItalic.otf */,
			);
			path = Tofino;
			sourceTree = "<group>";
		};
		BC6739D71E23BDEC005399BF = {
			isa = PBXGroup;
			children = (
				BC6739E21E23BDEC005399BF /* Ratios */,
				BC6739E11E23BDEC005399BF /* Products */,
			);
			sourceTree = "<group>";
		};
		BC6739E11E23BDEC005399BF /* Products */ = {
			isa = PBXGroup;
			children = (
				BC6739E01E23BDEC005399BF /* Ratios.app */,
			);
			name = Products;
			sourceTree = "<group>";
		};
		BC6739E21E23BDEC005399BF /* Ratios */ = {
			isa = PBXGroup;
			children = (
				BC6739E31E23BDEC005399BF /* AppDelegate.swift */,
				BC98F3911F6417BC00F6E1D4 /* NavigationController.swift */,
				BC6739E51E23BDEC005399BF /* CalculatorViewController.swift */,
				BCEBCDAD1F6D8B7D00805050 /* Inputs */,
				BC98F38E1F5CA36F00F6E1D4 /* Settings */,
				BC98F3871F5B177900F6E1D4 /* Keyboard */,
				BCEBCDAC1F6D8B6600805050 /* Helpers */,
				BC57D8671F5203C500A4ED41 /* Fonts */,
				BC6739EA1E23BDEC005399BF /* Assets.xcassets */,
				BC6739EC1E23BDEC005399BF /* LaunchScreen.storyboard */,
				BC6739EF1E23BDEC005399BF /* Info.plist */,
			);
			path = Ratios;
			sourceTree = "<group>";
		};
		BC98F3871F5B177900F6E1D4 /* Keyboard */ = {
			isa = PBXGroup;
			children = (
				BC57D89C1F522F9E00A4ED41 /* KeyboardViewController.swift */,
				BC98F38C1F5C7BD800F6E1D4 /* KeyboardSection.swift */,
				BC98F3881F5B179500F6E1D4 /* KeyboardButton.swift */,
			);
			path = Keyboard;
			sourceTree = "<group>";
		};
		BC98F38E1F5CA36F00F6E1D4 /* Settings */ = {
			isa = PBXGroup;
			children = (
				BC98F3931F642A6E00F6E1D4 /* TransitionAnimator.swift */,
				BC98F38F1F5CA37F00F6E1D4 /* SettingsViewController.swift */,
				BCEBCDB41F6DB3DE00805050 /* RoundedButton.swift */,
			);
			path = Settings;
			sourceTree = "<group>";
		};
		BCEBCDAC1F6D8B6600805050 /* Helpers */ = {
			isa = PBXGroup;
			children = (
				BC0B33191F72FCA80043719D /* Theme.swift */,
				BC8A674E1F519E8400A7E627 /* Calculator.swift */,
				BCEBCDAE1F6D8BDF00805050 /* Fonts.swift */,
				BCEBCDB01F6D8C1D00805050 /* Assets.swift */,
				BC57D89E1F5242BB00A4ED41 /* PersistenceStore.swift */,
				BCEBCDB21F6DA89600805050 /* AppInfo.swift */,
				1BE39663205D68D7006F0D76 /* BrewStrengthColor.swift */,
			);
			path = Helpers;
			sourceTree = "<group>";
		};
		BCEBCDAD1F6D8B7D00805050 /* Inputs */ = {
			isa = PBXGroup;
			children = (
				BC98F38A1F5C7BA900F6E1D4 /* InputTextField.swift */,
				BC57D8631F51DF9A00A4ED41 /* LabelInputView.swift */,
			);
			path = Inputs;
			sourceTree = "<group>";
		};
/* End PBXGroup section */

/* Begin PBXNativeTarget section */
		BC6739DF1E23BDEC005399BF /* Ratios */ = {
			isa = PBXNativeTarget;
			buildConfigurationList = BC6739F21E23BDEC005399BF /* Build configuration list for PBXNativeTarget "Ratios" */;
			buildPhases = (
				BC6739DC1E23BDEC005399BF /* Sources */,
				BC6739DD1E23BDEC005399BF /* Frameworks */,
				BC6739DE1E23BDEC005399BF /* Resources */,
				BC0B2DD61F6DFA1D0056966F /* Update Build Number */,
			);
			buildRules = (
			);
			dependencies = (
			);
			name = Ratios;
			productName = Ratios;
			productReference = BC6739E01E23BDEC005399BF /* Ratios.app */;
			productType = "com.apple.product-type.application";
		};
/* End PBXNativeTarget section */

/* Begin PBXProject section */
		BC6739D81E23BDEC005399BF /* Project object */ = {
			isa = PBXProject;
			attributes = {
				LastSwiftUpdateCheck = 0820;
				LastUpgradeCheck = 0900;
				ORGANIZATIONNAME = "Brushed Type";
				TargetAttributes = {
					BC6739DF1E23BDEC005399BF = {
						CreatedOnToolsVersion = 8.2.1;
						DevelopmentTeam = Y7X6QXE884;
						LastSwiftMigration = 0900;
						ProvisioningStyle = Automatic;
					};
				};
			};
			buildConfigurationList = BC6739DB1E23BDEC005399BF /* Build configuration list for PBXProject "Ratios" */;
			compatibilityVersion = "Xcode 3.2";
			developmentRegion = English;
			hasScannedForEncodings = 0;
			knownRegions = (
				en,
				Base,
			);
			mainGroup = BC6739D71E23BDEC005399BF;
			productRefGroup = BC6739E11E23BDEC005399BF /* Products */;
			projectDirPath = "";
			projectRoot = "";
			targets = (
				BC6739DF1E23BDEC005399BF /* Ratios */,
			);
		};
/* End PBXProject section */

/* Begin PBXResourcesBuildPhase section */
		BC6739DE1E23BDEC005399BF /* Resources */ = {
			isa = PBXResourcesBuildPhase;
			buildActionMask = 2147483647;
			files = (
				BC57D88B1F52042A00A4ED41 /* Tofino-Black.otf in Resources */,
				BC57D88C1F52042A00A4ED41 /* Tofino-BlackItalic.otf in Resources */,
				BC57D88D1F52042A00A4ED41 /* Tofino-Bold.otf in Resources */,
				BC57D88E1F52042A00A4ED41 /* Tofino-BoldItalic.otf in Resources */,
				BC57D88F1F52042A00A4ED41 /* Tofino-Book.otf in Resources */,
				BC57D8901F52042A00A4ED41 /* Tofino-BookItalic.otf in Resources */,
				BC57D8911F52042A00A4ED41 /* Tofino-Light.otf in Resources */,
				BC57D8921F52042A00A4ED41 /* Tofino-LightItalic.otf in Resources */,
				BC57D8931F52042A00A4ED41 /* Tofino-Medium.otf in Resources */,
				BC57D8941F52042A00A4ED41 /* Tofino-MediumItalic.otf in Resources */,
				BC57D8951F52042A00A4ED41 /* Tofino-Regular.otf in Resources */,
				BC57D8961F52042A00A4ED41 /* Tofino-RegularItalic.otf in Resources */,
				BC57D8971F52042A00A4ED41 /* Tofino-Thin.otf in Resources */,
				BC57D8981F52042A00A4ED41 /* Tofino-ThinItalic.otf in Resources */,
				BC57D8991F52042A00A4ED41 /* Tofino-Ultra.otf in Resources */,
				BC57D89A1F52042A00A4ED41 /* Tofino-UltraItalic.otf in Resources */,
				BC6739EE1E23BDEC005399BF /* LaunchScreen.storyboard in Resources */,
				BC6739EB1E23BDEC005399BF /* Assets.xcassets in Resources */,
			);
			runOnlyForDeploymentPostprocessing = 0;
		};
/* End PBXResourcesBuildPhase section */

/* Begin PBXShellScriptBuildPhase section */
		BC0B2DD61F6DFA1D0056966F /* Update Build Number */ = {
			isa = PBXShellScriptBuildPhase;
			buildActionMask = 2147483647;
			files = (
			);
			inputPaths = (
			);
			name = "Update Build Number";
			outputPaths = (
			);
			runOnlyForDeploymentPostprocessing = 0;
			shellPath = /bin/sh;
			shellScript = "${SRCROOT}/Scripts/update_build_number.sh\n";
		};
/* End PBXShellScriptBuildPhase section */

/* Begin PBXSourcesBuildPhase section */
		BC6739DC1E23BDEC005399BF /* Sources */ = {
			isa = PBXSourcesBuildPhase;
			buildActionMask = 2147483647;
			files = (
				BCEBCDAF1F6D8BDF00805050 /* Fonts.swift in Sources */,
				BC98F3941F642A6E00F6E1D4 /* TransitionAnimator.swift in Sources */,
				BC98F38B1F5C7BA900F6E1D4 /* InputTextField.swift in Sources */,
				BC98F3921F6417BC00F6E1D4 /* NavigationController.swift in Sources */,
				BC6739E61E23BDEC005399BF /* CalculatorViewController.swift in Sources */,
				BCEBCDB31F6DA89600805050 /* AppInfo.swift in Sources */,
				BC98F3891F5B179500F6E1D4 /* KeyboardButton.swift in Sources */,
				BC98F3901F5CA37F00F6E1D4 /* SettingsViewController.swift in Sources */,
				BC57D89D1F522F9E00A4ED41 /* KeyboardViewController.swift in Sources */,
				BCEBCDB11F6D8C1D00805050 /* Assets.swift in Sources */,
				BC6739E41E23BDEC005399BF /* AppDelegate.swift in Sources */,
				BCEBCDB51F6DB3DE00805050 /* RoundedButton.swift in Sources */,
				BC57D89F1F5242BB00A4ED41 /* PersistenceStore.swift in Sources */,
				BC57D8641F51DF9A00A4ED41 /* LabelInputView.swift in Sources */,
				BC8A674F1F519E8400A7E627 /* Calculator.swift in Sources */,
				1BE39664205D68D7006F0D76 /* BrewStrengthColor.swift in Sources */,
				BC98F38D1F5C7BD800F6E1D4 /* KeyboardSection.swift in Sources */,
				BC0B331A1F72FCA80043719D /* Theme.swift in Sources */,
			);
			runOnlyForDeploymentPostprocessing = 0;
		};
/* End PBXSourcesBuildPhase section */

/* Begin PBXVariantGroup section */
		BC6739EC1E23BDEC005399BF /* LaunchScreen.storyboard */ = {
			isa = PBXVariantGroup;
			children = (
				BC6739ED1E23BDEC005399BF /* Base */,
			);
			name = LaunchScreen.storyboard;
			sourceTree = "<group>";
		};
/* End PBXVariantGroup section */

/* Begin XCBuildConfiguration section */
		BC6739F01E23BDEC005399BF /* Debug */ = {
			isa = XCBuildConfiguration;
			buildSettings = {
				ALWAYS_SEARCH_USER_PATHS = NO;
				CLANG_ANALYZER_NONNULL = YES;
				CLANG_CXX_LANGUAGE_STANDARD = "gnu++0x";
				CLANG_CXX_LIBRARY = "libc++";
				CLANG_ENABLE_MODULES = YES;
				CLANG_ENABLE_OBJC_ARC = YES;
				CLANG_WARN_BLOCK_CAPTURE_AUTORELEASING = YES;
				CLANG_WARN_BOOL_CONVERSION = YES;
				CLANG_WARN_COMMA = YES;
				CLANG_WARN_CONSTANT_CONVERSION = YES;
				CLANG_WARN_DIRECT_OBJC_ISA_USAGE = YES_ERROR;
				CLANG_WARN_DOCUMENTATION_COMMENTS = YES;
				CLANG_WARN_EMPTY_BODY = YES;
				CLANG_WARN_ENUM_CONVERSION = YES;
				CLANG_WARN_INFINITE_RECURSION = YES;
				CLANG_WARN_INT_CONVERSION = YES;
				CLANG_WARN_NON_LITERAL_NULL_CONVERSION = YES;
				CLANG_WARN_OBJC_LITERAL_CONVERSION = YES;
				CLANG_WARN_OBJC_ROOT_CLASS = YES_ERROR;
				CLANG_WARN_RANGE_LOOP_ANALYSIS = YES;
				CLANG_WARN_STRICT_PROTOTYPES = YES;
				CLANG_WARN_SUSPICIOUS_MOVE = YES;
				CLANG_WARN_UNREACHABLE_CODE = YES;
				CLANG_WARN__DUPLICATE_METHOD_MATCH = YES;
				"CODE_SIGN_IDENTITY[sdk=iphoneos*]" = "iPhone Developer";
				COPY_PHASE_STRIP = NO;
				DEBUG_INFORMATION_FORMAT = dwarf;
				ENABLE_STRICT_OBJC_MSGSEND = YES;
				ENABLE_TESTABILITY = YES;
				GCC_C_LANGUAGE_STANDARD = gnu99;
				GCC_DYNAMIC_NO_PIC = NO;
				GCC_NO_COMMON_BLOCKS = YES;
				GCC_OPTIMIZATION_LEVEL = 0;
				GCC_PREPROCESSOR_DEFINITIONS = (
					"DEBUG=1",
					"$(inherited)",
				);
				GCC_WARN_64_TO_32_BIT_CONVERSION = YES;
				GCC_WARN_ABOUT_RETURN_TYPE = YES_ERROR;
				GCC_WARN_UNDECLARED_SELECTOR = YES;
				GCC_WARN_UNINITIALIZED_AUTOS = YES_AGGRESSIVE;
				GCC_WARN_UNUSED_FUNCTION = YES;
				GCC_WARN_UNUSED_VARIABLE = YES;
				IPHONEOS_DEPLOYMENT_TARGET = 10.3;
				MTL_ENABLE_DEBUG_INFO = YES;
				ONLY_ACTIVE_ARCH = YES;
				SDKROOT = iphoneos;
				SWIFT_ACTIVE_COMPILATION_CONDITIONS = DEBUG;
				SWIFT_OPTIMIZATION_LEVEL = "-Onone";
			};
			name = Debug;
		};
		BC6739F11E23BDEC005399BF /* Release */ = {
			isa = XCBuildConfiguration;
			buildSettings = {
				ALWAYS_SEARCH_USER_PATHS = NO;
				CLANG_ANALYZER_NONNULL = YES;
				CLANG_CXX_LANGUAGE_STANDARD = "gnu++0x";
				CLANG_CXX_LIBRARY = "libc++";
				CLANG_ENABLE_MODULES = YES;
				CLANG_ENABLE_OBJC_ARC = YES;
				CLANG_WARN_BLOCK_CAPTURE_AUTORELEASING = YES;
				CLANG_WARN_BOOL_CONVERSION = YES;
				CLANG_WARN_COMMA = YES;
				CLANG_WARN_CONSTANT_CONVERSION = YES;
				CLANG_WARN_DIRECT_OBJC_ISA_USAGE = YES_ERROR;
				CLANG_WARN_DOCUMENTATION_COMMENTS = YES;
				CLANG_WARN_EMPTY_BODY = YES;
				CLANG_WARN_ENUM_CONVERSION = YES;
				CLANG_WARN_INFINITE_RECURSION = YES;
				CLANG_WARN_INT_CONVERSION = YES;
				CLANG_WARN_NON_LITERAL_NULL_CONVERSION = YES;
				CLANG_WARN_OBJC_LITERAL_CONVERSION = YES;
				CLANG_WARN_OBJC_ROOT_CLASS = YES_ERROR;
				CLANG_WARN_RANGE_LOOP_ANALYSIS = YES;
				CLANG_WARN_STRICT_PROTOTYPES = YES;
				CLANG_WARN_SUSPICIOUS_MOVE = YES;
				CLANG_WARN_UNREACHABLE_CODE = YES;
				CLANG_WARN__DUPLICATE_METHOD_MATCH = YES;
				"CODE_SIGN_IDENTITY[sdk=iphoneos*]" = "iPhone Developer";
				COPY_PHASE_STRIP = NO;
				DEBUG_INFORMATION_FORMAT = "dwarf-with-dsym";
				ENABLE_NS_ASSERTIONS = NO;
				ENABLE_STRICT_OBJC_MSGSEND = YES;
				GCC_C_LANGUAGE_STANDARD = gnu99;
				GCC_NO_COMMON_BLOCKS = YES;
				GCC_WARN_64_TO_32_BIT_CONVERSION = YES;
				GCC_WARN_ABOUT_RETURN_TYPE = YES_ERROR;
				GCC_WARN_UNDECLARED_SELECTOR = YES;
				GCC_WARN_UNINITIALIZED_AUTOS = YES_AGGRESSIVE;
				GCC_WARN_UNUSED_FUNCTION = YES;
				GCC_WARN_UNUSED_VARIABLE = YES;
				IPHONEOS_DEPLOYMENT_TARGET = 10.3;
				MTL_ENABLE_DEBUG_INFO = NO;
				SDKROOT = iphoneos;
				SWIFT_OPTIMIZATION_LEVEL = "-Owholemodule";
				VALIDATE_PRODUCT = YES;
			};
			name = Release;
		};
		BC6739F31E23BDEC005399BF /* Debug */ = {
			isa = XCBuildConfiguration;
			buildSettings = {
				ASSETCATALOG_COMPILER_APPICON_NAME = AppIcon;
				DEVELOPMENT_TEAM = Y7X6QXE884;
				INFOPLIST_FILE = Ratios/Info.plist;
				LD_RUNPATH_SEARCH_PATHS = "$(inherited) @executable_path/Frameworks";
				PRODUCT_BUNDLE_IDENTIFIER = co.brushedtype.Ratios;
				PRODUCT_NAME = "$(TARGET_NAME)";
				SWIFT_VERSION = 4.0;
				TARGETED_DEVICE_FAMILY = "1,2";
			};
			name = Debug;
		};
		BC6739F41E23BDEC005399BF /* Release */ = {
			isa = XCBuildConfiguration;
			buildSettings = {
				ASSETCATALOG_COMPILER_APPICON_NAME = AppIcon;
				DEVELOPMENT_TEAM = Y7X6QXE884;
				INFOPLIST_FILE = Ratios/Info.plist;
				LD_RUNPATH_SEARCH_PATHS = "$(inherited) @executable_path/Frameworks";
				PRODUCT_BUNDLE_IDENTIFIER = co.brushedtype.Ratios;
				PRODUCT_NAME = "$(TARGET_NAME)";
				SWIFT_VERSION = 4.0;
				TARGETED_DEVICE_FAMILY = "1,2";
			};
			name = Release;
		};
/* End XCBuildConfiguration section */

/* Begin XCConfigurationList section */
		BC6739DB1E23BDEC005399BF /* Build configuration list for PBXProject "Ratios" */ = {
			isa = XCConfigurationList;
			buildConfigurations = (
				BC6739F01E23BDEC005399BF /* Debug */,
				BC6739F11E23BDEC005399BF /* Release */,
			);
			defaultConfigurationIsVisible = 0;
			defaultConfigurationName = Release;
		};
		BC6739F21E23BDEC005399BF /* Build configuration list for PBXNativeTarget "Ratios" */ = {
			isa = XCConfigurationList;
			buildConfigurations = (
				BC6739F31E23BDEC005399BF /* Debug */,
				BC6739F41E23BDEC005399BF /* Release */,
			);
			defaultConfigurationIsVisible = 0;
			defaultConfigurationName = Release;
		};
/* End XCConfigurationList section */
	};
	rootObject = BC6739D81E23BDEC005399BF /* Project object */;
}
